{
  "name": "portfolio-milan",
  "lockfileVersion": 3,
  "requires": true,
  "packages": {
    "": {
      "dependencies": {
        "sweetalert2": "^11.7.27"
      }
    },
    "node_modules/sweetalert2": {
      "version": "11.7.27",
      "resolved": "https://registry.npmjs.org/sweetalert2/-/sweetalert2-11.7.27.tgz",
      "integrity": "sha512-QbRXGQn1sb7HEhzA/K2xtWIwQHh/qkSbb1w6jYcTql2xy17876lTREEt1D4X6Q0x2wHtfUjKJ+Cb8IVkRoq7DQ==",
      "funding": {
        "type": "individual",
        "url": "https://github.com/sponsors/limonte"
      }
    }
  }
}
